
Microsoft Visual Studio Solution File, Format Version 12.00
# Visual Studio Version 17
VisualStudioVersion = 17.14.36705.20
MinimumVisualStudioVersion = 10.0.40219.1
Project("{54A90642-561A-4BB1-A94E-469ADEE60C69}") = "projectseraph.client", "projectseraph.client\projectseraph.client.esproj", "{96E45DFB-A70F-EA8B-43AF-40C73F34CC30}"
EndProject
Project("{FAE04EC0-301F-11D3-BF4B-00C04F79EFBC}") = "ProjectSeraph_AdminClient", "ProjectSeraph_AdminClient\ProjectSeraph_AdminClient.csproj", "{210DE387-D029-4587-85E2-B6068D15336C}"
EndProject
Project("{FAE04EC0-301F-11D3-BF4B-00C04F79EFBC}") = "ProjectSeraphBackend", "ProjectSeraphBackend\ProjectSeraphBackend.csproj", "{E90DC2A4-8E6C-4223-AC85-19EF51DCFF89}"
EndProject
Project("{FAE04EC0-301F-11D3-BF4B-00C04F79EFBC}") = "ProjectSeraphTest", "ProjectSeraphTest\ProjectSeraphTest.csproj", "{EEE820C9-F83E-4863-A80A-B460CD3844C5}"
EndProject
Global
	GlobalSection(SolutionConfigurationPlatforms) = preSolution
		Debug|Any CPU = Debug|Any CPU
		Release|Any CPU = Release|Any CPU
	EndGlobalSection
	GlobalSection(ProjectConfigurationPlatforms) = postSolution
		{96E45DFB-A70F-EA8B-43AF-40C73F34CC30}.Debug|Any CPU.ActiveCfg = Debug|Any CPU
		{96E45DFB-A70F-EA8B-43AF-40C73F34CC30}.Debug|Any CPU.Build.0 = Debug|Any CPU
		{96E45DFB-A70F-EA8B-43AF-40C73F34CC30}.Debug|Any CPU.Deploy.0 = Debug|Any CPU
		{96E45DFB-A70F-EA8B-43AF-40C73F34CC30}.Release|Any CPU.ActiveCfg = Release|Any CPU
		{96E45DFB-A70F-EA8B-43AF-40C73F34CC30}.Release|Any CPU.Build.0 = Release|Any CPU
		{96E45DFB-A70F-EA8B-43AF-40C73F34CC30}.Release|Any CPU.Deploy.0 = Release|Any CPU
		{210DE387-D029-4587-85E2-B6068D15336C}.Debug|Any CPU.ActiveCfg = Debug|Any CPU
		{210DE387-D029-4587-85E2-B6068D15336C}.Debug|Any CPU.Build.0 = Debug|Any CPU
		{210DE387-D029-4587-85E2-B6068D15336C}.Release|Any CPU.ActiveCfg = Release|Any CPU
		{210DE387-D029-4587-85E2-B6068D15336C}.Release|Any CPU.Build.0 = Release|Any CPU
		{E90DC2A4-8E6C-4223-AC85-19EF51DCFF89}.Debug|Any CPU.ActiveCfg = Debug|Any CPU
		{E90DC2A4-8E6C-4223-AC85-19EF51DCFF89}.Debug|Any CPU.Build.0 = Debug|Any CPU
		{E90DC2A4-8E6C-4223-AC85-19EF51DCFF89}.Release|Any CPU.ActiveCfg = Release|Any CPU
		{E90DC2A4-8E6C-4223-AC85-19EF51DCFF89}.Release|Any CPU.Build.0 = Release|Any CPU
		{EEE820C9-F83E-4863-A80A-B460CD3844C5}.Debug|Any CPU.ActiveCfg = Debug|Any CPU
		{EEE820C9-F83E-4863-A80A-B460CD3844C5}.Debug|Any CPU.Build.0 = Debug|Any CPU
		{EEE820C9-F83E-4863-A80A-B460CD3844C5}.Release|Any CPU.ActiveCfg = Release|Any CPU
		{EEE820C9-F83E-4863-A80A-B460CD3844C5}.Release|Any CPU.Build.0 = Release|Any CPU
	EndGlobalSection
	GlobalSection(SolutionProperties) = preSolution
		HideSolutionNode = FALSE
	EndGlobalSection
	GlobalSection(ExtensibilityGlobals) = postSolution
		SolutionGuid = {2A54192D-D551-4358-BDB8-D0CAA5D48CCD}
	EndGlobalSection
EndGlobal
